
Microsoft Visual Studio Solution File, Format Version 12.00
# Visual Studio Version 17
VisualStudioVersion = 17.5.33424.131
MinimumVisualStudioVersion = 10.0.40219.1
Project("{FAE04EC0-301F-11D3-BF4B-00C04F79EFBC}") = "2023_03_16", "2023_03_16\2023_03_16.csproj", "{9136C35D-FA62-48CF-8440-A0F1AE707B8F}"
EndProject
Project("{FAE04EC0-301F-11D3-BF4B-00C04F79EFBC}") = "Week2_Project", "Week2_Project\Week2_Project.csproj", "{4E308CF9-2FCC-4210-A241-57C5D2A88927}"
EndProject
Global
	GlobalSection(SolutionConfigurationPlatforms) = preSolution
		Debug|Any CPU = Debug|Any CPU
		Release|Any CPU = Release|Any CPU
	EndGlobalSection
	GlobalSection(ProjectConfigurationPlatforms) = postSolution
		{9136C35D-FA62-48CF-8440-A0F1AE707B8F}.Debug|Any CPU.ActiveCfg = Debug|Any CPU
		{9136C35D-FA62-48CF-8440-A0F1AE707B8F}.Debug|Any CPU.Build.0 = Debug|Any CPU
		{9136C35D-FA62-48CF-8440-A0F1AE707B8F}.Release|Any CPU.ActiveCfg = Release|Any CPU
		{9136C35D-FA62-48CF-8440-A0F1AE707B8F}.Release|Any CPU.Build.0 = Release|Any CPU
		{4E308CF9-2FCC-4210-A241-57C5D2A88927}.Debug|Any CPU.ActiveCfg = Debug|Any CPU
		{4E308CF9-2FCC-4210-A241-57C5D2A88927}.Debug|Any CPU.Build.0 = Debug|Any CPU
		{4E308CF9-2FCC-4210-A241-57C5D2A88927}.Release|Any CPU.ActiveCfg = Release|Any CPU
		{4E308CF9-2FCC-4210-A241-57C5D2A88927}.Release|Any CPU.Build.0 = Release|Any CPU
	EndGlobalSection
	GlobalSection(SolutionProperties) = preSolution
		HideSolutionNode = FALSE
	EndGlobalSection
	GlobalSection(ExtensibilityGlobals) = postSolution
		SolutionGuid = {CD29A5ED-7D13-4E98-B4B6-F8965123CAE4}
	EndGlobalSection
EndGlobal
